{
  "name": "@ohmycv/case-police",
  "version": "0.1.1",
  "lockfileVersion": 3,
  "requires": true,
  "packages": {
    "": {
      "name": "@ohmycv/case-police",
      "version": "0.1.1",
      "license": "MIT",
      "dependencies": {
        "@ohmycv/case-police": "file:",
        "case-police": "^0.6.1"
      }
    },
    "../../node_modules/.pnpm/case-police@0.6.1/node_modules/case-police": {
      "version": "0.6.1",
      "license": "MIT",
      "bin": {
        "case-police": "bin/case-police.mjs"
      },
      "funding": {
        "url": "https://github.com/sponsors/antfu"
      }
    },
    "node_modules/@ohmycv/case-police": {
      "resolved": "",
      "link": true
    },
    "node_modules/case-police": {
      "resolved": "../../node_modules/.pnpm/case-police@0.6.1/node_modules/case-police",
      "link": true
    }
  }
}
