{
  "name": "@ohmycv/dynamic-css",
  "version": "0.1.1",
  "lockfileVersion": 3,
  "requires": true,
  "packages": {
    "": {
      "name": "@ohmycv/dynamic-css",
      "version": "0.1.1",
      "license": "MIT",
      "dependencies": {
        "@ohmycv/dynamic-css": "file:"
      }
    },
    "node_modules/@ohmycv/dynamic-css": {
      "resolved": "",
      "link": true
    }
  }
}
