{
  "name": "@ohmycv/vue-smart-pages",
  "version": "0.1.1",
  "lockfileVersion": 3,
  "requires": true,
  "packages": {
    "": {
      "name": "@ohmycv/vue-smart-pages",
      "version": "0.1.1",
      "license": "MIT",
      "dependencies": {
        "@ohmycv/vue-smart-pages": "file:",
        "@vueuse/core": "^10.11.0",
        "vue": "^3.4.31"
      }
    },
    "../../node_modules/.pnpm/@vueuse+core@10.11.0_vue@3.4.31_typescript@5.5.3_/node_modules/@vueuse/core": {
      "version": "10.11.0",
      "license": "MIT",
      "dependencies": {
        "@types/web-bluetooth": "^0.0.20",
        "@vueuse/metadata": "10.11.0",
        "@vueuse/shared": "10.11.0",
        "vue-demi": ">=0.14.8"
      },
      "funding": {
        "url": "https://github.com/sponsors/antfu"
      }
    },
    "../../node_modules/.pnpm/vue@3.4.31_typescript@5.5.3/node_modules/vue": {
      "version": "3.4.31",
      "license": "MIT",
      "dependencies": {
        "@vue/compiler-dom": "3.4.31",
        "@vue/compiler-sfc": "3.4.31",
        "@vue/runtime-dom": "3.4.31",
        "@vue/server-renderer": "3.4.31",
        "@vue/shared": "3.4.31"
      },
      "peerDependencies": {
        "typescript": "*"
      },
      "peerDependenciesMeta": {
        "typescript": {
          "optional": true
        }
      }
    },
    "node_modules/@ohmycv/vue-smart-pages": {
      "resolved": "",
      "link": true
    },
    "node_modules/@vueuse/core": {
      "resolved": "../../node_modules/.pnpm/@vueuse+core@10.11.0_vue@3.4.31_typescript@5.5.3_/node_modules/@vueuse/core",
      "link": true
    },
    "node_modules/vue": {
      "resolved": "../../node_modules/.pnpm/vue@3.4.31_typescript@5.5.3/node_modules/vue",
      "link": true
    }
  }
}
