{
  "name": "@ohmycv/google-fonts-loader",
  "version": "0.1.1",
  "lockfileVersion": 3,
  "requires": true,
  "packages": {
    "": {
      "name": "@ohmycv/google-fonts-loader",
      "version": "0.1.1",
      "license": "MIT",
      "dependencies": {
        "@ohmycv/google-fonts-loader": "file:"
      }
    },
    "node_modules/@ohmycv/google-fonts-loader": {
      "resolved": "",
      "link": true
    }
  }
}
