{
  "name": "@renovamen/utils",
  "version": "0.1.1",
  "lockfileVersion": 3,
  "requires": true,
  "packages": {
    "": {
      "name": "@renovamen/utils",
      "version": "0.1.1",
      "license": "MIT",
      "dependencies": {
        "@renovamen/utils": "file:"
      }
    },
    "node_modules/@renovamen/utils": {
      "resolved": "",
      "link": true
    }
  }
}
